
Microsoft Visual Studio Solution File, Format Version 12.00
# Visual Studio Version 17
VisualStudioVersion = 17.10.35027.167
MinimumVisualStudioVersion = 10.0.40219.1
Project("{9A19103F-16F7-4668-BE54-9A1E7A4F7556}") = "ToDoList.Web", "ToDoList.Web\ToDoList.Web.csproj", "{DF85FCF9-85B8-4A68-87B9-4EE259562B50}"
EndProject
Project("{FAE04EC0-301F-11D3-BF4B-00C04F79EFBC}") = "ToDoList.Server", "ToDoList.Server\ToDoList.Server.csproj", "{30E5E0AA-D319-4F02-8C69-6B9CAE4FC843}"
EndProject
Global
	GlobalSection(SolutionConfigurationPlatforms) = preSolution
		Debug|Any CPU = Debug|Any CPU
		Release|Any CPU = Release|Any CPU
	EndGlobalSection
	GlobalSection(ProjectConfigurationPlatforms) = postSolution
		{DF85FCF9-85B8-4A68-87B9-4EE259562B50}.Debug|Any CPU.ActiveCfg = Debug|Any CPU
		{DF85FCF9-85B8-4A68-87B9-4EE259562B50}.Debug|Any CPU.Build.0 = Debug|Any CPU
		{DF85FCF9-85B8-4A68-87B9-4EE259562B50}.Release|Any CPU.ActiveCfg = Release|Any CPU
		{DF85FCF9-85B8-4A68-87B9-4EE259562B50}.Release|Any CPU.Build.0 = Release|Any CPU
		{30E5E0AA-D319-4F02-8C69-6B9CAE4FC843}.Debug|Any CPU.ActiveCfg = Debug|Any CPU
		{30E5E0AA-D319-4F02-8C69-6B9CAE4FC843}.Debug|Any CPU.Build.0 = Debug|Any CPU
		{30E5E0AA-D319-4F02-8C69-6B9CAE4FC843}.Release|Any CPU.ActiveCfg = Release|Any CPU
		{30E5E0AA-D319-4F02-8C69-6B9CAE4FC843}.Release|Any CPU.Build.0 = Release|Any CPU
	EndGlobalSection
	GlobalSection(SolutionProperties) = preSolution
		HideSolutionNode = FALSE
	EndGlobalSection
	GlobalSection(ExtensibilityGlobals) = postSolution
		SolutionGuid = {C8EDDCAF-ABC7-498C-84CA-BFADD6C7BE78}
	EndGlobalSection
EndGlobal
